
Microsoft Visual Studio Solution File, Format Version 12.00
# Visual Studio Version 17
VisualStudioVersion = 17.11.35327.3
MinimumVisualStudioVersion = 10.0.40219.1
Project("{9A19103F-16F7-4668-BE54-9A1E7A4F7556}") = "DesignPatterns", "DesignPatterns\DesignPatterns.csproj", "{1C26D04D-8955-4107-AB7E-24FBE5E4847C}"
EndProject
Project("{2150E333-8FDC-42A3-9474-1A3956D46DE8}") = "Solution Items", "Solution Items", "{A91EF210-8CFA-4B14-A954-06F1BF1BC2A0}"
	ProjectSection(SolutionItems) = preProject
		.editorconfig = .editorconfig
	EndProjectSection
EndProject
Global
	GlobalSection(SolutionConfigurationPlatforms) = preSolution
		Debug|Any CPU = Debug|Any CPU
		Release|Any CPU = Release|Any CPU
	EndGlobalSection
	GlobalSection(ProjectConfigurationPlatforms) = postSolution
		{1C26D04D-8955-4107-AB7E-24FBE5E4847C}.Debug|Any CPU.ActiveCfg = Debug|Any CPU
		{1C26D04D-8955-4107-AB7E-24FBE5E4847C}.Debug|Any CPU.Build.0 = Debug|Any CPU
		{1C26D04D-8955-4107-AB7E-24FBE5E4847C}.Release|Any CPU.ActiveCfg = Release|Any CPU
		{1C26D04D-8955-4107-AB7E-24FBE5E4847C}.Release|Any CPU.Build.0 = Release|Any CPU
	EndGlobalSection
	GlobalSection(SolutionProperties) = preSolution
		HideSolutionNode = FALSE
	EndGlobalSection
	GlobalSection(ExtensibilityGlobals) = postSolution
		SolutionGuid = {7257B77D-9FB6-4548-A9D7-979146AEC63F}
	EndGlobalSection
EndGlobal
